
Microsoft Visual Studio Solution File, Format Version 12.00
# Visual Studio 15
VisualStudioVersion = 15.0.28010.2036
MinimumVisualStudioVersion = 10.0.40219.1
Project("{FAE04EC0-301F-11D3-BF4B-00C04F79EFBC}") = "WebApplication1", "WebApplication1\WebApplication1.csproj", "{ED81776C-2363-4835-878D-9C4230B79854}"
EndProject
Global
	GlobalSection(SolutionConfigurationPlatforms) = preSolution
		Debug|Any CPU = Debug|Any CPU
		Release|Any CPU = Release|Any CPU
	EndGlobalSection
	GlobalSection(ProjectConfigurationPlatforms) = postSolution
		{ED81776C-2363-4835-878D-9C4230B79854}.Debug|Any CPU.ActiveCfg = Debug|Any CPU
		{ED81776C-2363-4835-878D-9C4230B79854}.Debug|Any CPU.Build.0 = Debug|Any CPU
		{ED81776C-2363-4835-878D-9C4230B79854}.Release|Any CPU.ActiveCfg = Release|Any CPU
		{ED81776C-2363-4835-878D-9C4230B79854}.Release|Any CPU.Build.0 = Release|Any CPU
	EndGlobalSection
	GlobalSection(SolutionProperties) = preSolution
		HideSolutionNode = FALSE
	EndGlobalSection
	GlobalSection(ExtensibilityGlobals) = postSolution
		SolutionGuid = {8CD193EA-82BB-4583-8C06-42B73A3A33BE}
	EndGlobalSection
EndGlobal
